
Microsoft Visual Studio Solution File, Format Version 12.00
# Visual Studio Version 17
VisualStudioVersion = 17.14.36518.9 d17.14
MinimumVisualStudioVersion = 10.0.40219.1
Project("{FAE04EC0-301F-11D3-BF4B-00C04F79EFBC}") = "MassCalculate", "MassCalculate\MassCalculate.csproj", "{BF54DBDF-C710-4505-8D0E-7F7D026E1667}"
EndProject
Global
	GlobalSection(SolutionConfigurationPlatforms) = preSolution
		Debug|Any CPU = Debug|Any CPU
		Release|Any CPU = Release|Any CPU
	EndGlobalSection
	GlobalSection(ProjectConfigurationPlatforms) = postSolution
		{BF54DBDF-C710-4505-8D0E-7F7D026E1667}.Debug|Any CPU.ActiveCfg = Debug|Any CPU
		{BF54DBDF-C710-4505-8D0E-7F7D026E1667}.Debug|Any CPU.Build.0 = Debug|Any CPU
		{BF54DBDF-C710-4505-8D0E-7F7D026E1667}.Release|Any CPU.ActiveCfg = Release|Any CPU
		{BF54DBDF-C710-4505-8D0E-7F7D026E1667}.Release|Any CPU.Build.0 = Release|Any CPU
	EndGlobalSection
	GlobalSection(SolutionProperties) = preSolution
		HideSolutionNode = FALSE
	EndGlobalSection
	GlobalSection(ExtensibilityGlobals) = postSolution
		SolutionGuid = {799B876E-0B69-491C-B4A9-C7167535C01D}
	EndGlobalSection
EndGlobal
